
Microsoft Visual Studio Solution File, Format Version 12.00
# Visual Studio Version 17
VisualStudioVersion = 17.11.35327.3
MinimumVisualStudioVersion = 10.0.40219.1
Project("{9A19103F-16F7-4668-BE54-9A1E7A4F7556}") = "HomeworkSystem1", "HomeworkSystem1\HomeworkSystem1.csproj", "{77B89C2A-9A48-4CFE-9FF3-E07F8C9AFA67}"
EndProject
Project("{FAE04EC0-301F-11D3-BF4B-00C04F79EFBC}") = "CalculatorApp", "CalculatorApp\CalculatorApp.csproj", "{768EF878-9E13-4C2F-BAA7-A874D435965C}"
EndProject
Project("{FAE04EC0-301F-11D3-BF4B-00C04F79EFBC}") = "SearchWordApp", "SearchWordApp\SearchWordApp.csproj", "{F1F351F3-3A63-4E1F-9113-0F1407692023}"
EndProject
Global
	GlobalSection(SolutionConfigurationPlatforms) = preSolution
		Debug|Any CPU = Debug|Any CPU
		Release|Any CPU = Release|Any CPU
	EndGlobalSection
	GlobalSection(ProjectConfigurationPlatforms) = postSolution
		{77B89C2A-9A48-4CFE-9FF3-E07F8C9AFA67}.Debug|Any CPU.ActiveCfg = Debug|Any CPU
		{77B89C2A-9A48-4CFE-9FF3-E07F8C9AFA67}.Debug|Any CPU.Build.0 = Debug|Any CPU
		{77B89C2A-9A48-4CFE-9FF3-E07F8C9AFA67}.Release|Any CPU.ActiveCfg = Release|Any CPU
		{77B89C2A-9A48-4CFE-9FF3-E07F8C9AFA67}.Release|Any CPU.Build.0 = Release|Any CPU
		{768EF878-9E13-4C2F-BAA7-A874D435965C}.Debug|Any CPU.ActiveCfg = Debug|Any CPU
		{768EF878-9E13-4C2F-BAA7-A874D435965C}.Debug|Any CPU.Build.0 = Debug|Any CPU
		{768EF878-9E13-4C2F-BAA7-A874D435965C}.Release|Any CPU.ActiveCfg = Release|Any CPU
		{768EF878-9E13-4C2F-BAA7-A874D435965C}.Release|Any CPU.Build.0 = Release|Any CPU
		{F1F351F3-3A63-4E1F-9113-0F1407692023}.Debug|Any CPU.ActiveCfg = Debug|Any CPU
		{F1F351F3-3A63-4E1F-9113-0F1407692023}.Debug|Any CPU.Build.0 = Debug|Any CPU
		{F1F351F3-3A63-4E1F-9113-0F1407692023}.Release|Any CPU.ActiveCfg = Release|Any CPU
		{F1F351F3-3A63-4E1F-9113-0F1407692023}.Release|Any CPU.Build.0 = Release|Any CPU
	EndGlobalSection
	GlobalSection(SolutionProperties) = preSolution
		HideSolutionNode = FALSE
	EndGlobalSection
	GlobalSection(ExtensibilityGlobals) = postSolution
		SolutionGuid = {1893976B-D8B3-4772-A1D5-C386A317A062}
	EndGlobalSection
EndGlobal
